
Microsoft Visual Studio Solution File, Format Version 12.00
# Visual Studio 15
VisualStudioVersion = 15.0.28307.329
MinimumVisualStudioVersion = 10.0.40219.1
Project("{FAE04EC0-301F-11D3-BF4B-00C04F79EFBC}") = "ModixAssistant", "ModixAssistant\ModixAssistant.csproj", "{085BCA07-DEB8-45D1-AA5E-54723BB84ACD}"
EndProject
Global
	GlobalSection(SolutionConfigurationPlatforms) = preSolution
		Debug|Any CPU = Debug|Any CPU
		Release|Any CPU = Release|Any CPU
	EndGlobalSection
	GlobalSection(ProjectConfigurationPlatforms) = postSolution
		{085BCA07-DEB8-45D1-AA5E-54723BB84ACD}.Debug|Any CPU.ActiveCfg = Debug|Any CPU
		{085BCA07-DEB8-45D1-AA5E-54723BB84ACD}.Debug|Any CPU.Build.0 = Debug|Any CPU
		{085BCA07-DEB8-45D1-AA5E-54723BB84ACD}.Release|Any CPU.ActiveCfg = Release|Any CPU
		{085BCA07-DEB8-45D1-AA5E-54723BB84ACD}.Release|Any CPU.Build.0 = Release|Any CPU
	EndGlobalSection
	GlobalSection(SolutionProperties) = preSolution
		HideSolutionNode = FALSE
	EndGlobalSection
	GlobalSection(ExtensibilityGlobals) = postSolution
		SolutionGuid = {12074B19-7399-44F5-A564-186F778E1849}
	EndGlobalSection
EndGlobal
